
Microsoft Visual Studio Solution File, Format Version 12.00
# Visual Studio Version 17
VisualStudioVersion = 17.11.35327.3
MinimumVisualStudioVersion = 10.0.40219.1
Project("{FAE04EC0-301F-11D3-BF4B-00C04F79EFBC}") = "Cellar", "Cellar\Cellar.csproj", "{773C3759-5E0E-4405-BD8D-02E6E2F410E6}"
EndProject
Project("{FAE04EC0-301F-11D3-BF4B-00C04F79EFBC}") = "Common", "Common\Common.csproj", "{761CA60D-838F-44B5-B097-DD5269DCA393}"
EndProject
Project("{FAE04EC0-301F-11D3-BF4B-00C04F79EFBC}") = "Data", "Data\Data.csproj", "{DD3BA850-4599-4B1F-AF37-35E1230EFFBB}"
EndProject
Project("{FAE04EC0-301F-11D3-BF4B-00C04F79EFBC}") = "Services", "Services\Services.csproj", "{998D2D90-712A-45C9-ADC0-87D1CF6A9E24}"
EndProject
Global
	GlobalSection(SolutionConfigurationPlatforms) = preSolution
		Debug|Any CPU = Debug|Any CPU
		Release|Any CPU = Release|Any CPU
	EndGlobalSection
	GlobalSection(ProjectConfigurationPlatforms) = postSolution
		{773C3759-5E0E-4405-BD8D-02E6E2F410E6}.Debug|Any CPU.ActiveCfg = Debug|Any CPU
		{773C3759-5E0E-4405-BD8D-02E6E2F410E6}.Debug|Any CPU.Build.0 = Debug|Any CPU
		{773C3759-5E0E-4405-BD8D-02E6E2F410E6}.Release|Any CPU.ActiveCfg = Release|Any CPU
		{773C3759-5E0E-4405-BD8D-02E6E2F410E6}.Release|Any CPU.Build.0 = Release|Any CPU
		{761CA60D-838F-44B5-B097-DD5269DCA393}.Debug|Any CPU.ActiveCfg = Debug|Any CPU
		{761CA60D-838F-44B5-B097-DD5269DCA393}.Debug|Any CPU.Build.0 = Debug|Any CPU
		{761CA60D-838F-44B5-B097-DD5269DCA393}.Release|Any CPU.ActiveCfg = Release|Any CPU
		{761CA60D-838F-44B5-B097-DD5269DCA393}.Release|Any CPU.Build.0 = Release|Any CPU
		{DD3BA850-4599-4B1F-AF37-35E1230EFFBB}.Debug|Any CPU.ActiveCfg = Debug|Any CPU
		{DD3BA850-4599-4B1F-AF37-35E1230EFFBB}.Debug|Any CPU.Build.0 = Debug|Any CPU
		{DD3BA850-4599-4B1F-AF37-35E1230EFFBB}.Release|Any CPU.ActiveCfg = Release|Any CPU
		{DD3BA850-4599-4B1F-AF37-35E1230EFFBB}.Release|Any CPU.Build.0 = Release|Any CPU
		{998D2D90-712A-45C9-ADC0-87D1CF6A9E24}.Debug|Any CPU.ActiveCfg = Debug|Any CPU
		{998D2D90-712A-45C9-ADC0-87D1CF6A9E24}.Debug|Any CPU.Build.0 = Debug|Any CPU
		{998D2D90-712A-45C9-ADC0-87D1CF6A9E24}.Release|Any CPU.ActiveCfg = Release|Any CPU
		{998D2D90-712A-45C9-ADC0-87D1CF6A9E24}.Release|Any CPU.Build.0 = Release|Any CPU
	EndGlobalSection
	GlobalSection(SolutionProperties) = preSolution
		HideSolutionNode = FALSE
	EndGlobalSection
	GlobalSection(ExtensibilityGlobals) = postSolution
		SolutionGuid = {77184F6E-B172-49C9-8B7C-605F32A8D584}
	EndGlobalSection
EndGlobal
